// !$*UTF8*$!
{
	archiveVersion = 1;
	classes = {
	};
	objectVersion = 51;
	objects = {

/* Begin PBXBuildFile section */
		0B49B0653FD107AE2A3A5A8B /* Pods_Teddy.framework in Frameworks */ = {isa = PBXBuildFile; fileRef = 0C2C142689CD4B296C6AEDC1 /* Pods_Teddy.framework */; };
		0C088DC0244B95E300B683B5 /* ApplicationProperties.swift in Sources */ = {isa = PBXBuildFile; fileRef = 0C088DBF244B95E300B683B5 /* ApplicationProperties.swift */; };
		0C0C4374245E2EB200BC5499 /* PushNotificationVC.swift in Sources */ = {isa = PBXBuildFile; fileRef = 0C0C4373245E2EB200BC5499 /* PushNotificationVC.swift */; };
		0C0C4376245E407400BC5499 /* LocationServicesVC.swift in Sources */ = {isa = PBXBuildFile; fileRef = 0C0C4375245E407400BC5499 /* LocationServicesVC.swift */; };
		0C1087B825360BEC00ADC958 /* APIAddDropoffRequest-DropoffRequest.swift in Sources */ = {isa = PBXBuildFile; fileRef = 0C1087B725360BEC00ADC958 /* APIAddDropoffRequest-DropoffRequest.swift */; };
		0C1087BC25360C7400ADC958 /* APIAddDropoffRequest-APIEndpoint.swift in Sources */ = {isa = PBXBuildFile; fileRef = 0C1087BB25360C7400ADC958 /* APIAddDropoffRequest-APIEndpoint.swift */; };
		0C1087C0253658F900ADC958 /* APIUpdateLocationRequest-UpdateRequest.swift in Sources */ = {isa = PBXBuildFile; fileRef = 0C1087BF253658F900ADC958 /* APIUpdateLocationRequest-UpdateRequest.swift */; };
		0C1087C42536594000ADC958 /* APIUpdateLocationRequest-APIEndpoint.swift in Sources */ = {isa = PBXBuildFile; fileRef = 0C1087C32536594000ADC958 /* APIUpdateLocationRequest-APIEndpoint.swift */; };
		0C3002C8233FBFAB0093B176 /* AppDelegate.swift in Sources */ = {isa = PBXBuildFile; fileRef = 0C3002C7233FBFAB0093B176 /* AppDelegate.swift */; };
		0C3002CD233FBFAB0093B176 /* Main.storyboard in Resources */ = {isa = PBXBuildFile; fileRef = 0C3002CB233FBFAB0093B176 /* Main.storyboard */; };
		0C3002CF233FBFAD0093B176 /* Assets.xcassets in Resources */ = {isa = PBXBuildFile; fileRef = 0C3002CE233FBFAD0093B176 /* Assets.xcassets */; };
		0C3002D2233FBFAD0093B176 /* LaunchScreen.storyboard in Resources */ = {isa = PBXBuildFile; fileRef = 0C3002D0233FBFAD0093B176 /* LaunchScreen.storyboard */; };
		0C30F38C23EF0B7C00BC18BC /* HomeVC.swift in Sources */ = {isa = PBXBuildFile; fileRef = 0C30F38B23EF0B7C00BC18BC /* HomeVC.swift */; };
		0C32B1C7250BB5A100EA1998 /* StringHelpers.swift in Sources */ = {isa = PBXBuildFile; fileRef = 0C32B1C6250BB5A100EA1998 /* StringHelpers.swift */; };
		0C35A67324E08BE7004AC7D1 /* AddChildDropoffTimeVC.swift in Sources */ = {isa = PBXBuildFile; fileRef = 0C35A67224E08BE7004AC7D1 /* AddChildDropoffTimeVC.swift */; };
		0C35A67524E09D40004AC7D1 /* DayCell.swift in Sources */ = {isa = PBXBuildFile; fileRef = 0C35A67424E09D40004AC7D1 /* DayCell.swift */; };
		0C35A67724E09E1C004AC7D1 /* AddTimePopupVC.swift in Sources */ = {isa = PBXBuildFile; fileRef = 0C35A67624E09E1C004AC7D1 /* AddTimePopupVC.swift */; };
		0C35A67924E207F3004AC7D1 /* Date+Time-Helpers.swift in Sources */ = {isa = PBXBuildFile; fileRef = 0C35A67824E207F3004AC7D1 /* Date+Time-Helpers.swift */; };
		0C35A67B24E2083C004AC7D1 /* DropoffTime.swift in Sources */ = {isa = PBXBuildFile; fileRef = 0C35A67A24E2083C004AC7D1 /* DropoffTime.swift */; };
		0C35A67D24E33A53004AC7D1 /* UIView+Extension.swift in Sources */ = {isa = PBXBuildFile; fileRef = 0C35A67C24E33A53004AC7D1 /* UIView+Extension.swift */; };
		0C35A68324E4AC02004AC7D1 /* APIUpdateDropoffTimeRequest-Request.swift in Sources */ = {isa = PBXBuildFile; fileRef = 0C35A68224E4AC02004AC7D1 /* APIUpdateDropoffTimeRequest-Request.swift */; };
		0C35A68724E58B1B004AC7D1 /* APIUpdateDropoffTimeRequest-APIEndpoint.swift in Sources */ = {isa = PBXBuildFile; fileRef = 0C35A68624E58B1B004AC7D1 /* APIUpdateDropoffTimeRequest-APIEndpoint.swift */; };
		0C35A68924E8627A004AC7D1 /* TrackingService.swift in Sources */ = {isa = PBXBuildFile; fileRef = 0C35A68824E8627A004AC7D1 /* TrackingService.swift */; };
		0C35A68B24EAF3E1004AC7D1 /* RegionManager.swift in Sources */ = {isa = PBXBuildFile; fileRef = 0C35A68A24EAF3E1004AC7D1 /* RegionManager.swift */; };
		0C35A68D24EAFB8B004AC7D1 /* RegionManagerDelegate.swift in Sources */ = {isa = PBXBuildFile; fileRef = 0C35A68C24EAFB8B004AC7D1 /* RegionManagerDelegate.swift */; };
		0C35A69124EB04A3004AC7D1 /* ChildTracker.swift in Sources */ = {isa = PBXBuildFile; fileRef = 0C35A69024EB04A3004AC7D1 /* ChildTracker.swift */; };
		0C35A69424ED9DC0004AC7D1 /* APIConfirmDropoffRequest-Request.swift in Sources */ = {isa = PBXBuildFile; fileRef = 0C35A69324ED9DC0004AC7D1 /* APIConfirmDropoffRequest-Request.swift */; };
		0C430B78240C09310072F898 /* LocationServices.swift in Sources */ = {isa = PBXBuildFile; fileRef = 0C430B77240C09310072F898 /* LocationServices.swift */; };
		0C4CFE1C252E3107006D81A2 /* APICheckFamilyIDRequest-APIEndpoint.swift in Sources */ = {isa = PBXBuildFile; fileRef = 0C4CFE1B252E3107006D81A2 /* APICheckFamilyIDRequest-APIEndpoint.swift */; };
		0C4CFE1F252E3120006D81A2 /* APICheckFamilyIDRequest-Request.swift in Sources */ = {isa = PBXBuildFile; fileRef = 0C4CFE1E252E3120006D81A2 /* APICheckFamilyIDRequest-Request.swift */; };
		0C4EAD1D2509BFF100621BE1 /* SignupInfoVC+KeyboardNotification.swift in Sources */ = {isa = PBXBuildFile; fileRef = 0C4EAD1C2509BFF100621BE1 /* SignupInfoVC+KeyboardNotification.swift */; };
		0C4EAD1F2509C0BC00621BE1 /* SignupInfoVC+FormController.swift in Sources */ = {isa = PBXBuildFile; fileRef = 0C4EAD1E2509C0BC00621BE1 /* SignupInfoVC+FormController.swift */; };
		0C52C32824FDC1EE00C02C04 /* SignupForm.swift in Sources */ = {isa = PBXBuildFile; fileRef = 0C52C32724FDC1EE00C02C04 /* SignupForm.swift */; };
		0C52C32A24FDF72400C02C04 /* LoginForm.swift in Sources */ = {isa = PBXBuildFile; fileRef = 0C52C32924FDF72400C02C04 /* LoginForm.swift */; };
		0C52C32C24FDFC1C00C02C04 /* APILoginRequest-APIEndpoint.swift in Sources */ = {isa = PBXBuildFile; fileRef = 0C52C32B24FDFC1C00C02C04 /* APILoginRequest-APIEndpoint.swift */; };
		0C52C32E24FDFC5300C02C04 /* APILoginRequest-Response.swift in Sources */ = {isa = PBXBuildFile; fileRef = 0C52C32D24FDFC5300C02C04 /* APILoginRequest-Response.swift */; };
		0C52C33024FDFD1D00C02C04 /* APILoginRequest-Request.swift in Sources */ = {isa = PBXBuildFile; fileRef = 0C52C32F24FDFD1D00C02C04 /* APILoginRequest-Request.swift */; };
		0C5D2F4924DD01A300BF39DC /* DropoffTimeCell.swift in Sources */ = {isa = PBXBuildFile; fileRef = 0C5D2F4824DD01A300BF39DC /* DropoffTimeCell.swift */; };
		0C6B2F6B2557124B001651AC /* APIRegisterPushDevice-RegisterRequest.swift in Sources */ = {isa = PBXBuildFile; fileRef = 0C6B2F6A2557124B001651AC /* APIRegisterPushDevice-RegisterRequest.swift */; };
		0C6B2F70255712C3001651AC /* APIRegisterPushDevice-APIEndpoint.swift in Sources */ = {isa = PBXBuildFile; fileRef = 0C6B2F6F255712C3001651AC /* APIRegisterPushDevice-APIEndpoint.swift */; };
		0C6B2F732558DC3E001651AC /* DropoffLocationNameCell.swift in Sources */ = {isa = PBXBuildFile; fileRef = 0C6B2F722558DC3E001651AC /* DropoffLocationNameCell.swift */; };
		0C6B2F762558DEBE001651AC /* ChildDetailVC.swift in Sources */ = {isa = PBXBuildFile; fileRef = 0C6B2F752558DEBE001651AC /* ChildDetailVC.swift */; };
		0C6EF0F4248414A40017FE65 /* FamilyCell.swift in Sources */ = {isa = PBXBuildFile; fileRef = 0C6EF0F3248414A40017FE65 /* FamilyCell.swift */; };
		0C6EF0F6248415470017FE65 /* MyFamilyVC.swift in Sources */ = {isa = PBXBuildFile; fileRef = 0C6EF0F5248415470017FE65 /* MyFamilyVC.swift */; };
		0C6EF0FA248421240017FE65 /* AddFamilyCell.swift in Sources */ = {isa = PBXBuildFile; fileRef = 0C6EF0F9248421240017FE65 /* AddFamilyCell.swift */; };
		0C6EF0FC248423230017FE65 /* RectangularDashedView.swift in Sources */ = {isa = PBXBuildFile; fileRef = 0C6EF0FB248423230017FE65 /* RectangularDashedView.swift */; };
		0C6EF0FE2485A5920017FE65 /* MemberDecisionVC.swift in Sources */ = {isa = PBXBuildFile; fileRef = 0C6EF0FD2485A5920017FE65 /* MemberDecisionVC.swift */; };
		0C70A3EE24412C0A0046B8BB /* UserDefaults+CLLocation.swift in Sources */ = {isa = PBXBuildFile; fileRef = 0C70A3ED24412C0A0046B8BB /* UserDefaults+CLLocation.swift */; };
		0C70A3F024425B530046B8BB /* OldTrackingService.swift in Sources */ = {isa = PBXBuildFile; fileRef = 0C70A3EF24425B530046B8BB /* OldTrackingService.swift */; };
		0C70A3F224425EDF0046B8BB /* LocationUpdateDelegate.swift in Sources */ = {isa = PBXBuildFile; fileRef = 0C70A3F124425EDF0046B8BB /* LocationUpdateDelegate.swift */; };
		0C70A3F4244266CF0046B8BB /* TimerService.swift in Sources */ = {isa = PBXBuildFile; fileRef = 0C70A3F3244266CE0046B8BB /* TimerService.swift */; };
		0C70A3F924439BD60046B8BB /* TrackingStatusVC.swift in Sources */ = {isa = PBXBuildFile; fileRef = 0C70A3F824439BD60046B8BB /* TrackingStatusVC.swift */; };
		0C70A3FB2443B1250046B8BB /* NotificationService.swift in Sources */ = {isa = PBXBuildFile; fileRef = 0C70A3FA2443B1250046B8BB /* NotificationService.swift */; };
		0C7BA40B250BC51D0051C60F /* ColorHelpers.swift in Sources */ = {isa = PBXBuildFile; fileRef = 0C7BA40A250BC51D0051C60F /* ColorHelpers.swift */; };
		0C99DD0D2549E092001FFF84 /* RefreshDataDelegate.swift in Sources */ = {isa = PBXBuildFile; fileRef = 0C99DD0C2549E092001FFF84 /* RefreshDataDelegate.swift */; };
		0C99DD142549F239001FFF84 /* AddChildLocationNicknameVC.swift in Sources */ = {isa = PBXBuildFile; fileRef = 0C99DD132549F239001FFF84 /* AddChildLocationNicknameVC.swift */; };
		0C99DD17254A0E80001FFF84 /* APIGetFamilyRequest-NextDropoffResponse.swift in Sources */ = {isa = PBXBuildFile; fileRef = 0C99DD16254A0E80001FFF84 /* APIGetFamilyRequest-NextDropoffResponse.swift */; };
		0CABEDDB253527FA00820D4B /* APIGetFamilyRequest-FamilyResponse.swift in Sources */ = {isa = PBXBuildFile; fileRef = 0CABEDDA253527FA00820D4B /* APIGetFamilyRequest-FamilyResponse.swift */; };
		0CABEDDE2535287B00820D4B /* APIGetFamilyReqest-DropoffResponse.swift in Sources */ = {isa = PBXBuildFile; fileRef = 0CABEDDD2535287B00820D4B /* APIGetFamilyReqest-DropoffResponse.swift */; };
		0CABEDE22535374400820D4B /* AddChildForm.swift in Sources */ = {isa = PBXBuildFile; fileRef = 0CABEDE12535374400820D4B /* AddChildForm.swift */; };
		0CABEDE525353C8500820D4B /* AddChildAddressVC.swift in Sources */ = {isa = PBXBuildFile; fileRef = 0CABEDE425353C8500820D4B /* AddChildAddressVC.swift */; };
		0CACD87F24369488000B1ECC /* LocationService.swift in Sources */ = {isa = PBXBuildFile; fileRef = 0CACD87E24369488000B1ECC /* LocationService.swift */; };
		0CAF018E2455CE88007BF4B0 /* SignupVC.swift in Sources */ = {isa = PBXBuildFile; fileRef = 0CAF018D2455CE88007BF4B0 /* SignupVC.swift */; };
		0CAF01902455D72F007BF4B0 /* SignupInfoVC.swift in Sources */ = {isa = PBXBuildFile; fileRef = 0CAF018F2455D72F007BF4B0 /* SignupInfoVC.swift */; };
		0CAF01932455EBD2007BF4B0 /* User.swift in Sources */ = {isa = PBXBuildFile; fileRef = 0CAF01922455EBD2007BF4B0 /* User.swift */; };
		0CB33879248D272F006628B4 /* AddChildInfoVC.swift in Sources */ = {isa = PBXBuildFile; fileRef = 0CB33878248D272F006628B4 /* AddChildInfoVC.swift */; };
		0CB3387B248D38D2006628B4 /* AutoCompleteAddressCell.swift in Sources */ = {isa = PBXBuildFile; fileRef = 0CB3387A248D38D2006628B4 /* AutoCompleteAddressCell.swift */; };
		0CC07873249401F800334109 /* Navbar.xib in Resources */ = {isa = PBXBuildFile; fileRef = 0CC07872249401F800334109 /* Navbar.xib */; };
		0CC0787524940E0C00334109 /* AppData.swift in Sources */ = {isa = PBXBuildFile; fileRef = 0CC0787424940E0C00334109 /* AppData.swift */; };
		0CC2BB7824140111001537FF /* MapRadiusVC.swift in Sources */ = {isa = PBXBuildFile; fileRef = 0CC2BB7724140111001537FF /* MapRadiusVC.swift */; };
		0CC5F6AC24C4AD3700E74006 /* APIRegisterRequest-Request.swift in Sources */ = {isa = PBXBuildFile; fileRef = 0CC5F6AB24C4AD3700E74006 /* APIRegisterRequest-Request.swift */; };
		0CC5F6AE24C4AD9000E74006 /* APIRegisterRequest-Response.swift in Sources */ = {isa = PBXBuildFile; fileRef = 0CC5F6AD24C4AD9000E74006 /* APIRegisterRequest-Response.swift */; };
		0CC5F6B024C4AFC000E74006 /* APIRegisterRequest-APIEndpoint.swift in Sources */ = {isa = PBXBuildFile; fileRef = 0CC5F6AF24C4AFC000E74006 /* APIRegisterRequest-APIEndpoint.swift */; };
		0CC5F6B224C4B00000E74006 /* APIRequest-Base.swift in Sources */ = {isa = PBXBuildFile; fileRef = 0CC5F6B124C4B00000E74006 /* APIRequest-Base.swift */; };
		0CC5F6B424C4B09A00E74006 /* APIRequest-PostExtension.swift in Sources */ = {isa = PBXBuildFile; fileRef = 0CC5F6B324C4B09A00E74006 /* APIRequest-PostExtension.swift */; };
		0CC5F6B624C4B1C200E74006 /* APIRequest-UrlRequestHelper.swift in Sources */ = {isa = PBXBuildFile; fileRef = 0CC5F6B524C4B1C200E74006 /* APIRequest-UrlRequestHelper.swift */; };
		0CC5F6B824C4B3F500E74006 /* APIRequest-ProcessResponse.swift in Sources */ = {isa = PBXBuildFile; fileRef = 0CC5F6B724C4B3F500E74006 /* APIRequest-ProcessResponse.swift */; };
		0CC5F6BC24C4CBA300E74006 /* APIAddChildRequest-Request.swift in Sources */ = {isa = PBXBuildFile; fileRef = 0CC5F6BB24C4CBA300E74006 /* APIAddChildRequest-Request.swift */; };
		0CC5F6BE24C4CBF900E74006 /* APIAddChildRequest-Response.swift in Sources */ = {isa = PBXBuildFile; fileRef = 0CC5F6BD24C4CBF900E74006 /* APIAddChildRequest-Response.swift */; };
		0CC5F6C024C4CC6900E74006 /* APIAddChildRequest-APIEndpoint.swift in Sources */ = {isa = PBXBuildFile; fileRef = 0CC5F6BF24C4CC6900E74006 /* APIAddChildRequest-APIEndpoint.swift */; };
		0CC5F6C624C5113E00E74006 /* APIRequest-GetExtension.swift in Sources */ = {isa = PBXBuildFile; fileRef = 0CC5F6C524C5113E00E74006 /* APIRequest-GetExtension.swift */; };
		0CC5F6C824C5151500E74006 /* APIGetFamilyRequest-APIEndpoint.swift in Sources */ = {isa = PBXBuildFile; fileRef = 0CC5F6C724C5151500E74006 /* APIGetFamilyRequest-APIEndpoint.swift */; };
		0CC5F6CA24C5B35A00E74006 /* APIGetFamilyRequest-CaretakerResponse.swift in Sources */ = {isa = PBXBuildFile; fileRef = 0CC5F6C924C5B35A00E74006 /* APIGetFamilyRequest-CaretakerResponse.swift */; };
		0CC5F6CC24C5B3C000E74006 /* APIGetFamilyRequest-ChildResponse.swift in Sources */ = {isa = PBXBuildFile; fileRef = 0CC5F6CB24C5B3C000E74006 /* APIGetFamilyRequest-ChildResponse.swift */; };
		0CC6AEAE24F59BAC0099EF38 /* APIConfirmDropoffRequest-APIEndpoint.swift in Sources */ = {isa = PBXBuildFile; fileRef = 0CC6AEAD24F59BAC0099EF38 /* APIConfirmDropoffRequest-APIEndpoint.swift */; };
		0CD7F68D2540FB0200434483 /* LocationPermissionVC.swift in Sources */ = {isa = PBXBuildFile; fileRef = 0CD7F68C2540FB0200434483 /* LocationPermissionVC.swift */; };
		0CD7F6902541003F00434483 /* iOSDevCenters+Gif.swift in Sources */ = {isa = PBXBuildFile; fileRef = 0CD7F68F2541003F00434483 /* iOSDevCenters+Gif.swift */; };
		0CD7F69425412D0D00434483 /* setup.gif in Resources */ = {isa = PBXBuildFile; fileRef = 0CD7F69325412D0D00434483 /* setup.gif */; };
		0CDF3086250FF7F600EB1A35 /* TrackingStatusCell.swift in Sources */ = {isa = PBXBuildFile; fileRef = 0CDF3085250FF7F600EB1A35 /* TrackingStatusCell.swift */; };
		0CDF30882510019500EB1A35 /* CurrentFlow.swift in Sources */ = {isa = PBXBuildFile; fileRef = 0CDF30872510019500EB1A35 /* CurrentFlow.swift */; };
		0CE387D624FDABBE0059E6F7 /* Aspira Light.otf in Resources */ = {isa = PBXBuildFile; fileRef = 0CE387D024FDABBD0059E6F7 /* Aspira Light.otf */; };
		0CE387D724FDABBE0059E6F7 /* Aspira Bold.otf in Resources */ = {isa = PBXBuildFile; fileRef = 0CE387D124FDABBD0059E6F7 /* Aspira Bold.otf */; };
		0CE387D824FDABBE0059E6F7 /* Aspira Medium.otf in Resources */ = {isa = PBXBuildFile; fileRef = 0CE387D224FDABBD0059E6F7 /* Aspira Medium.otf */; };
		0CE387D924FDABBE0059E6F7 /* Aspira Regular.otf in Resources */ = {isa = PBXBuildFile; fileRef = 0CE387D324FDABBD0059E6F7 /* Aspira Regular.otf */; };
		0CE387DA24FDABBE0059E6F7 /* Aspira Thin.otf in Resources */ = {isa = PBXBuildFile; fileRef = 0CE387D424FDABBD0059E6F7 /* Aspira Thin.otf */; };
		0CE387DB24FDABBE0059E6F7 /* Aspira Demi.otf in Resources */ = {isa = PBXBuildFile; fileRef = 0CE387D524FDABBE0059E6F7 /* Aspira Demi.otf */; };
		0CE387DD24FDABD10059E6F7 /* UIFont+Extension.swift in Sources */ = {isa = PBXBuildFile; fileRef = 0CE387DC24FDABD10059E6F7 /* UIFont+Extension.swift */; };
/* End PBXBuildFile section */

/* Begin PBXFileReference section */
		0C088DBF244B95E300B683B5 /* ApplicationProperties.swift */ = {isa = PBXFileReference; lastKnownFileType = sourcecode.swift; path = ApplicationProperties.swift; sourceTree = "<group>"; };
		0C0C4373245E2EB200BC5499 /* PushNotificationVC.swift */ = {isa = PBXFileReference; lastKnownFileType = sourcecode.swift; path = PushNotificationVC.swift; sourceTree = "<group>"; };
		0C0C4375245E407400BC5499 /* LocationServicesVC.swift */ = {isa = PBXFileReference; lastKnownFileType = sourcecode.swift; path = LocationServicesVC.swift; sourceTree = "<group>"; };
		0C1087B725360BEC00ADC958 /* APIAddDropoffRequest-DropoffRequest.swift */ = {isa = PBXFileReference; lastKnownFileType = sourcecode.swift; path = "APIAddDropoffRequest-DropoffRequest.swift"; sourceTree = "<group>"; };
		0C1087BB25360C7400ADC958 /* APIAddDropoffRequest-APIEndpoint.swift */ = {isa = PBXFileReference; lastKnownFileType = sourcecode.swift; path = "APIAddDropoffRequest-APIEndpoint.swift"; sourceTree = "<group>"; };
		0C1087BF253658F900ADC958 /* APIUpdateLocationRequest-UpdateRequest.swift */ = {isa = PBXFileReference; lastKnownFileType = sourcecode.swift; path = "APIUpdateLocationRequest-UpdateRequest.swift"; sourceTree = "<group>"; };
		0C1087C32536594000ADC958 /* APIUpdateLocationRequest-APIEndpoint.swift */ = {isa = PBXFileReference; lastKnownFileType = sourcecode.swift; path = "APIUpdateLocationRequest-APIEndpoint.swift"; sourceTree = "<group>"; };
		0C2C142689CD4B296C6AEDC1 /* Pods_Teddy.framework */ = {isa = PBXFileReference; explicitFileType = wrapper.framework; includeInIndex = 0; path = Pods_Teddy.framework; sourceTree = BUILT_PRODUCTS_DIR; };
		0C3002C4233FBFAB0093B176 /* Teddy.app */ = {isa = PBXFileReference; explicitFileType = wrapper.application; includeInIndex = 0; path = Teddy.app; sourceTree = BUILT_PRODUCTS_DIR; };
		0C3002C7233FBFAB0093B176 /* AppDelegate.swift */ = {isa = PBXFileReference; lastKnownFileType = sourcecode.swift; path = AppDelegate.swift; sourceTree = "<group>"; };
		0C3002CC233FBFAB0093B176 /* Base */ = {isa = PBXFileReference; lastKnownFileType = file.storyboard; name = Base; path = Base.lproj/Main.storyboard; sourceTree = "<group>"; };
		0C3002CE233FBFAD0093B176 /* Assets.xcassets */ = {isa = PBXFileReference; lastKnownFileType = folder.assetcatalog; path = Assets.xcassets; sourceTree = "<group>"; };
		0C3002D1233FBFAD0093B176 /* Base */ = {isa = PBXFileReference; lastKnownFileType = file.storyboard; name = Base; path = Base.lproj/LaunchScreen.storyboard; sourceTree = "<group>"; };
		0C3002D3233FBFAD0093B176 /* Info.plist */ = {isa = PBXFileReference; lastKnownFileType = text.plist.xml; path = Info.plist; sourceTree = "<group>"; };
		0C30F38B23EF0B7C00BC18BC /* HomeVC.swift */ = {isa = PBXFileReference; lastKnownFileType = sourcecode.swift; path = HomeVC.swift; sourceTree = "<group>"; };
		0C32B1C6250BB5A100EA1998 /* StringHelpers.swift */ = {isa = PBXFileReference; lastKnownFileType = sourcecode.swift; path = StringHelpers.swift; sourceTree = "<group>"; };
		0C35A67224E08BE7004AC7D1 /* AddChildDropoffTimeVC.swift */ = {isa = PBXFileReference; lastKnownFileType = sourcecode.swift; path = AddChildDropoffTimeVC.swift; sourceTree = "<group>"; };
		0C35A67424E09D40004AC7D1 /* DayCell.swift */ = {isa = PBXFileReference; lastKnownFileType = sourcecode.swift; path = DayCell.swift; sourceTree = "<group>"; };
		0C35A67624E09E1C004AC7D1 /* AddTimePopupVC.swift */ = {isa = PBXFileReference; lastKnownFileType = sourcecode.swift; path = AddTimePopupVC.swift; sourceTree = "<group>"; };
		0C35A67824E207F3004AC7D1 /* Date+Time-Helpers.swift */ = {isa = PBXFileReference; lastKnownFileType = sourcecode.swift; path = "Date+Time-Helpers.swift"; sourceTree = "<group>"; };
		0C35A67A24E2083C004AC7D1 /* DropoffTime.swift */ = {isa = PBXFileReference; lastKnownFileType = sourcecode.swift; path = DropoffTime.swift; sourceTree = "<group>"; };
		0C35A67C24E33A53004AC7D1 /* UIView+Extension.swift */ = {isa = PBXFileReference; lastKnownFileType = sourcecode.swift; path = "UIView+Extension.swift"; sourceTree = "<group>"; };
		0C35A68224E4AC02004AC7D1 /* APIUpdateDropoffTimeRequest-Request.swift */ = {isa = PBXFileReference; lastKnownFileType = sourcecode.swift; path = "APIUpdateDropoffTimeRequest-Request.swift"; sourceTree = "<group>"; };
		0C35A68624E58B1B004AC7D1 /* APIUpdateDropoffTimeRequest-APIEndpoint.swift */ = {isa = PBXFileReference; lastKnownFileType = sourcecode.swift; path = "APIUpdateDropoffTimeRequest-APIEndpoint.swift"; sourceTree = "<group>"; };
		0C35A68824E8627A004AC7D1 /* TrackingService.swift */ = {isa = PBXFileReference; lastKnownFileType = sourcecode.swift; path = TrackingService.swift; sourceTree = "<group>"; };
		0C35A68A24EAF3E1004AC7D1 /* RegionManager.swift */ = {isa = PBXFileReference; lastKnownFileType = sourcecode.swift; path = RegionManager.swift; sourceTree = "<group>"; };
		0C35A68C24EAFB8B004AC7D1 /* RegionManagerDelegate.swift */ = {isa = PBXFileReference; lastKnownFileType = sourcecode.swift; path = RegionManagerDelegate.swift; sourceTree = "<group>"; };
		0C35A69024EB04A3004AC7D1 /* ChildTracker.swift */ = {isa = PBXFileReference; lastKnownFileType = sourcecode.swift; path = ChildTracker.swift; sourceTree = "<group>"; };
		0C35A69324ED9DC0004AC7D1 /* APIConfirmDropoffRequest-Request.swift */ = {isa = PBXFileReference; lastKnownFileType = sourcecode.swift; path = "APIConfirmDropoffRequest-Request.swift"; sourceTree = "<group>"; };
		0C430B77240C09310072F898 /* LocationServices.swift */ = {isa = PBXFileReference; lastKnownFileType = sourcecode.swift; path = LocationServices.swift; sourceTree = "<group>"; };
		0C4CFE1B252E3107006D81A2 /* APICheckFamilyIDRequest-APIEndpoint.swift */ = {isa = PBXFileReference; lastKnownFileType = sourcecode.swift; path = "APICheckFamilyIDRequest-APIEndpoint.swift"; sourceTree = "<group>"; };
		0C4CFE1E252E3120006D81A2 /* APICheckFamilyIDRequest-Request.swift */ = {isa = PBXFileReference; lastKnownFileType = sourcecode.swift; path = "APICheckFamilyIDRequest-Request.swift"; sourceTree = "<group>"; };
		0C4EAD1C2509BFF100621BE1 /* SignupInfoVC+KeyboardNotification.swift */ = {isa = PBXFileReference; lastKnownFileType = sourcecode.swift; path = "SignupInfoVC+KeyboardNotification.swift"; sourceTree = "<group>"; };
		0C4EAD1E2509C0BC00621BE1 /* SignupInfoVC+FormController.swift */ = {isa = PBXFileReference; lastKnownFileType = sourcecode.swift; path = "SignupInfoVC+FormController.swift"; sourceTree = "<group>"; };
		0C52C32724FDC1EE00C02C04 /* SignupForm.swift */ = {isa = PBXFileReference; lastKnownFileType = sourcecode.swift; path = SignupForm.swift; sourceTree = "<group>"; };
		0C52C32924FDF72400C02C04 /* LoginForm.swift */ = {isa = PBXFileReference; lastKnownFileType = sourcecode.swift; path = LoginForm.swift; sourceTree = "<group>"; };
		0C52C32B24FDFC1C00C02C04 /* APILoginRequest-APIEndpoint.swift */ = {isa = PBXFileReference; lastKnownFileType = sourcecode.swift; path = "APILoginRequest-APIEndpoint.swift"; sourceTree = "<group>"; };
		0C52C32D24FDFC5300C02C04 /* APILoginRequest-Response.swift */ = {isa = PBXFileReference; lastKnownFileType = sourcecode.swift; path = "APILoginRequest-Response.swift"; sourceTree = "<group>"; };
		0C52C32F24FDFD1D00C02C04 /* APILoginRequest-Request.swift */ = {isa = PBXFileReference; lastKnownFileType = sourcecode.swift; path = "APILoginRequest-Request.swift"; sourceTree = "<group>"; };
		0C5D2F4824DD01A300BF39DC /* DropoffTimeCell.swift */ = {isa = PBXFileReference; lastKnownFileType = sourcecode.swift; path = DropoffTimeCell.swift; sourceTree = "<group>"; };
		0C6B2F672555AAAF001651AC /* Teddy.entitlements */ = {isa = PBXFileReference; lastKnownFileType = text.plist.entitlements; path = Teddy.entitlements; sourceTree = "<group>"; };
		0C6B2F6A2557124B001651AC /* APIRegisterPushDevice-RegisterRequest.swift */ = {isa = PBXFileReference; lastKnownFileType = sourcecode.swift; path = "APIRegisterPushDevice-RegisterRequest.swift"; sourceTree = "<group>"; };
		0C6B2F6F255712C3001651AC /* APIRegisterPushDevice-APIEndpoint.swift */ = {isa = PBXFileReference; lastKnownFileType = sourcecode.swift; path = "APIRegisterPushDevice-APIEndpoint.swift"; sourceTree = "<group>"; };
		0C6B2F722558DC3E001651AC /* DropoffLocationNameCell.swift */ = {isa = PBXFileReference; lastKnownFileType = sourcecode.swift; path = DropoffLocationNameCell.swift; sourceTree = "<group>"; };
		0C6B2F752558DEBE001651AC /* ChildDetailVC.swift */ = {isa = PBXFileReference; lastKnownFileType = sourcecode.swift; path = ChildDetailVC.swift; sourceTree = "<group>"; };
		0C6EF0F3248414A40017FE65 /* FamilyCell.swift */ = {isa = PBXFileReference; lastKnownFileType = sourcecode.swift; path = FamilyCell.swift; sourceTree = "<group>"; };
		0C6EF0F5248415470017FE65 /* MyFamilyVC.swift */ = {isa = PBXFileReference; lastKnownFileType = sourcecode.swift; path = MyFamilyVC.swift; sourceTree = "<group>"; };
		0C6EF0F9248421240017FE65 /* AddFamilyCell.swift */ = {isa = PBXFileReference; lastKnownFileType = sourcecode.swift; path = AddFamilyCell.swift; sourceTree = "<group>"; };
		0C6EF0FB248423230017FE65 /* RectangularDashedView.swift */ = {isa = PBXFileReference; lastKnownFileType = sourcecode.swift; path = RectangularDashedView.swift; sourceTree = "<group>"; };
		0C6EF0FD2485A5920017FE65 /* MemberDecisionVC.swift */ = {isa = PBXFileReference; lastKnownFileType = sourcecode.swift; path = MemberDecisionVC.swift; sourceTree = "<group>"; };
		0C70A3ED24412C0A0046B8BB /* UserDefaults+CLLocation.swift */ = {isa = PBXFileReference; lastKnownFileType = sourcecode.swift; path = "UserDefaults+CLLocation.swift"; sourceTree = "<group>"; };
		0C70A3EF24425B530046B8BB /* OldTrackingService.swift */ = {isa = PBXFileReference; lastKnownFileType = sourcecode.swift; path = OldTrackingService.swift; sourceTree = "<group>"; };
		0C70A3F124425EDF0046B8BB /* LocationUpdateDelegate.swift */ = {isa = PBXFileReference; lastKnownFileType = sourcecode.swift; path = LocationUpdateDelegate.swift; sourceTree = "<group>"; };
		0C70A3F3244266CE0046B8BB /* TimerService.swift */ = {isa = PBXFileReference; lastKnownFileType = sourcecode.swift; path = TimerService.swift; sourceTree = "<group>"; };
		0C70A3F824439BD60046B8BB /* TrackingStatusVC.swift */ = {isa = PBXFileReference; lastKnownFileType = sourcecode.swift; path = TrackingStatusVC.swift; sourceTree = "<group>"; };
		0C70A3FA2443B1250046B8BB /* NotificationService.swift */ = {isa = PBXFileReference; lastKnownFileType = sourcecode.swift; path = NotificationService.swift; sourceTree = "<group>"; };
		0C7BA40A250BC51D0051C60F /* ColorHelpers.swift */ = {isa = PBXFileReference; lastKnownFileType = sourcecode.swift; path = ColorHelpers.swift; sourceTree = "<group>"; };
		0C99DD0C2549E092001FFF84 /* RefreshDataDelegate.swift */ = {isa = PBXFileReference; lastKnownFileType = sourcecode.swift; path = RefreshDataDelegate.swift; sourceTree = "<group>"; };
		0C99DD132549F239001FFF84 /* AddChildLocationNicknameVC.swift */ = {isa = PBXFileReference; lastKnownFileType = sourcecode.swift; path = AddChildLocationNicknameVC.swift; sourceTree = "<group>"; };
		0C99DD16254A0E80001FFF84 /* APIGetFamilyRequest-NextDropoffResponse.swift */ = {isa = PBXFileReference; lastKnownFileType = sourcecode.swift; path = "APIGetFamilyRequest-NextDropoffResponse.swift"; sourceTree = "<group>"; };
		0CABEDDA253527FA00820D4B /* APIGetFamilyRequest-FamilyResponse.swift */ = {isa = PBXFileReference; lastKnownFileType = sourcecode.swift; path = "APIGetFamilyRequest-FamilyResponse.swift"; sourceTree = "<group>"; };
		0CABEDDD2535287B00820D4B /* APIGetFamilyReqest-DropoffResponse.swift */ = {isa = PBXFileReference; lastKnownFileType = sourcecode.swift; path = "APIGetFamilyReqest-DropoffResponse.swift"; sourceTree = "<group>"; };
		0CABEDE12535374400820D4B /* AddChildForm.swift */ = {isa = PBXFileReference; lastKnownFileType = sourcecode.swift; path = AddChildForm.swift; sourceTree = "<group>"; };
		0CABEDE425353C8500820D4B /* AddChildAddressVC.swift */ = {isa = PBXFileReference; lastKnownFileType = sourcecode.swift; path = AddChildAddressVC.swift; sourceTree = "<group>"; };
		0CACD87E24369488000B1ECC /* LocationService.swift */ = {isa = PBXFileReference; lastKnownFileType = sourcecode.swift; path = LocationService.swift; sourceTree = "<group>"; };
		0CAF018D2455CE88007BF4B0 /* SignupVC.swift */ = {isa = PBXFileReference; lastKnownFileType = sourcecode.swift; path = SignupVC.swift; sourceTree = "<group>"; };
		0CAF018F2455D72F007BF4B0 /* SignupInfoVC.swift */ = {isa = PBXFileReference; lastKnownFileType = sourcecode.swift; path = SignupInfoVC.swift; sourceTree = "<group>"; };
		0CAF01922455EBD2007BF4B0 /* User.swift */ = {isa = PBXFileReference; lastKnownFileType = sourcecode.swift; path = User.swift; sourceTree = "<group>"; };
		0CB33878248D272F006628B4 /* AddChildInfoVC.swift */ = {isa = PBXFileReference; lastKnownFileType = sourcecode.swift; path = AddChildInfoVC.swift; sourceTree = "<group>"; };
		0CB3387A248D38D2006628B4 /* AutoCompleteAddressCell.swift */ = {isa = PBXFileReference; lastKnownFileType = sourcecode.swift; path = AutoCompleteAddressCell.swift; sourceTree = "<group>"; };
		0CC07872249401F800334109 /* Navbar.xib */ = {isa = PBXFileReference; lastKnownFileType = file.xib; path = Navbar.xib; sourceTree = "<group>"; };
		0CC0787424940E0C00334109 /* AppData.swift */ = {isa = PBXFileReference; lastKnownFileType = sourcecode.swift; path = AppData.swift; sourceTree = "<group>"; };
		0CC2BB7724140111001537FF /* MapRadiusVC.swift */ = {isa = PBXFileReference; lastKnownFileType = sourcecode.swift; path = MapRadiusVC.swift; sourceTree = "<group>"; };
		0CC5F6AB24C4AD3700E74006 /* APIRegisterRequest-Request.swift */ = {isa = PBXFileReference; lastKnownFileType = sourcecode.swift; path = "APIRegisterRequest-Request.swift"; sourceTree = "<group>"; };
		0CC5F6AD24C4AD9000E74006 /* APIRegisterRequest-Response.swift */ = {isa = PBXFileReference; lastKnownFileType = sourcecode.swift; path = "APIRegisterRequest-Response.swift"; sourceTree = "<group>"; };
		0CC5F6AF24C4AFC000E74006 /* APIRegisterRequest-APIEndpoint.swift */ = {isa = PBXFileReference; lastKnownFileType = sourcecode.swift; path = "APIRegisterRequest-APIEndpoint.swift"; sourceTree = "<group>"; };
		0CC5F6B124C4B00000E74006 /* APIRequest-Base.swift */ = {isa = PBXFileReference; lastKnownFileType = sourcecode.swift; path = "APIRequest-Base.swift"; sourceTree = "<group>"; };
		0CC5F6B324C4B09A00E74006 /* APIRequest-PostExtension.swift */ = {isa = PBXFileReference; lastKnownFileType = sourcecode.swift; path = "APIRequest-PostExtension.swift"; sourceTree = "<group>"; };
		0CC5F6B524C4B1C200E74006 /* APIRequest-UrlRequestHelper.swift */ = {isa = PBXFileReference; lastKnownFileType = sourcecode.swift; path = "APIRequest-UrlRequestHelper.swift"; sourceTree = "<group>"; };
		0CC5F6B724C4B3F500E74006 /* APIRequest-ProcessResponse.swift */ = {isa = PBXFileReference; lastKnownFileType = sourcecode.swift; path = "APIRequest-ProcessResponse.swift"; sourceTree = "<group>"; };
		0CC5F6BB24C4CBA300E74006 /* APIAddChildRequest-Request.swift */ = {isa = PBXFileReference; lastKnownFileType = sourcecode.swift; path = "APIAddChildRequest-Request.swift"; sourceTree = "<group>"; };
		0CC5F6BD24C4CBF900E74006 /* APIAddChildRequest-Response.swift */ = {isa = PBXFileReference; lastKnownFileType = sourcecode.swift; path = "APIAddChildRequest-Response.swift"; sourceTree = "<group>"; };
		0CC5F6BF24C4CC6900E74006 /* APIAddChildRequest-APIEndpoint.swift */ = {isa = PBXFileReference; lastKnownFileType = sourcecode.swift; path = "APIAddChildRequest-APIEndpoint.swift"; sourceTree = "<group>"; };
		0CC5F6C524C5113E00E74006 /* APIRequest-GetExtension.swift */ = {isa = PBXFileReference; lastKnownFileType = sourcecode.swift; path = "APIRequest-GetExtension.swift"; sourceTree = "<group>"; };
		0CC5F6C724C5151500E74006 /* APIGetFamilyRequest-APIEndpoint.swift */ = {isa = PBXFileReference; lastKnownFileType = sourcecode.swift; path = "APIGetFamilyRequest-APIEndpoint.swift"; sourceTree = "<group>"; };
		0CC5F6C924C5B35A00E74006 /* APIGetFamilyRequest-CaretakerResponse.swift */ = {isa = PBXFileReference; lastKnownFileType = sourcecode.swift; path = "APIGetFamilyRequest-CaretakerResponse.swift"; sourceTree = "<group>"; };
		0CC5F6CB24C5B3C000E74006 /* APIGetFamilyRequest-ChildResponse.swift */ = {isa = PBXFileReference; lastKnownFileType = sourcecode.swift; path = "APIGetFamilyRequest-ChildResponse.swift"; sourceTree = "<group>"; };
		0CC6AEAD24F59BAC0099EF38 /* APIConfirmDropoffRequest-APIEndpoint.swift */ = {isa = PBXFileReference; lastKnownFileType = sourcecode.swift; path = "APIConfirmDropoffRequest-APIEndpoint.swift"; sourceTree = "<group>"; };
		0CD7F68C2540FB0200434483 /* LocationPermissionVC.swift */ = {isa = PBXFileReference; lastKnownFileType = sourcecode.swift; path = LocationPermissionVC.swift; sourceTree = "<group>"; };
		0CD7F68F2541003F00434483 /* iOSDevCenters+Gif.swift */ = {isa = PBXFileReference; lastKnownFileType = sourcecode.swift; path = "iOSDevCenters+Gif.swift"; sourceTree = "<group>"; };
		0CD7F69325412D0D00434483 /* setup.gif */ = {isa = PBXFileReference; lastKnownFileType = image.gif; path = setup.gif; sourceTree = "<group>"; };
		0CDF3085250FF7F600EB1A35 /* TrackingStatusCell.swift */ = {isa = PBXFileReference; lastKnownFileType = sourcecode.swift; path = TrackingStatusCell.swift; sourceTree = "<group>"; };
		0CDF30872510019500EB1A35 /* CurrentFlow.swift */ = {isa = PBXFileReference; lastKnownFileType = sourcecode.swift; path = CurrentFlow.swift; sourceTree = "<group>"; };
		0CE387D024FDABBD0059E6F7 /* Aspira Light.otf */ = {isa = PBXFileReference; lastKnownFileType = file; path = "Aspira Light.otf"; sourceTree = "<group>"; };
		0CE387D124FDABBD0059E6F7 /* Aspira Bold.otf */ = {isa = PBXFileReference; lastKnownFileType = file; path = "Aspira Bold.otf"; sourceTree = "<group>"; };
		0CE387D224FDABBD0059E6F7 /* Aspira Medium.otf */ = {isa = PBXFileReference; lastKnownFileType = file; path = "Aspira Medium.otf"; sourceTree = "<group>"; };
		0CE387D324FDABBD0059E6F7 /* Aspira Regular.otf */ = {isa = PBXFileReference; lastKnownFileType = file; path = "Aspira Regular.otf"; sourceTree = "<group>"; };
		0CE387D424FDABBD0059E6F7 /* Aspira Thin.otf */ = {isa = PBXFileReference; lastKnownFileType = file; path = "Aspira Thin.otf"; sourceTree = "<group>"; };
		0CE387D524FDABBE0059E6F7 /* Aspira Demi.otf */ = {isa = PBXFileReference; lastKnownFileType = file; path = "Aspira Demi.otf"; sourceTree = "<group>"; };
		0CE387DC24FDABD10059E6F7 /* UIFont+Extension.swift */ = {isa = PBXFileReference; lastKnownFileType = sourcecode.swift; path = "UIFont+Extension.swift"; sourceTree = "<group>"; };
		5E360AA21B7ED951126AF43A /* Pods-Teddy.release.xcconfig */ = {isa = PBXFileReference; includeInIndex = 1; lastKnownFileType = text.xcconfig; name = "Pods-Teddy.release.xcconfig"; path = "Target Support Files/Pods-Teddy/Pods-Teddy.release.xcconfig"; sourceTree = "<group>"; };
		90B302B3554B72CCE2E06834 /* Pods-Teddy.debug.xcconfig */ = {isa = PBXFileReference; includeInIndex = 1; lastKnownFileType = text.xcconfig; name = "Pods-Teddy.debug.xcconfig"; path = "Target Support Files/Pods-Teddy/Pods-Teddy.debug.xcconfig"; sourceTree = "<group>"; };
/* End PBXFileReference section */

/* Begin PBXFrameworksBuildPhase section */
		0C3002C1233FBFAB0093B176 /* Frameworks */ = {
			isa = PBXFrameworksBuildPhase;
			buildActionMask = 2147483647;
			files = (
				0B49B0653FD107AE2A3A5A8B /* Pods_Teddy.framework in Frameworks */,
			);
			runOnlyForDeploymentPostprocessing = 0;
		};
/* End PBXFrameworksBuildPhase section */

/* Begin PBXGroup section */
		0C1087B625360BC400ADC958 /* Add Dropoff */ = {
			isa = PBXGroup;
			children = (
				0C1087B725360BEC00ADC958 /* APIAddDropoffRequest-DropoffRequest.swift */,
				0C1087BB25360C7400ADC958 /* APIAddDropoffRequest-APIEndpoint.swift */,
			);
			path = "Add Dropoff";
			sourceTree = "<group>";
		};
		0C1087BE253658E100ADC958 /* Location */ = {
			isa = PBXGroup;
			children = (
				0C1087BF253658F900ADC958 /* APIUpdateLocationRequest-UpdateRequest.swift */,
				0C1087C32536594000ADC958 /* APIUpdateLocationRequest-APIEndpoint.swift */,
			);
			path = Location;
			sourceTree = "<group>";
		};
		0C3002BB233FBFAA0093B176 = {
			isa = PBXGroup;
			children = (
				0C3002C6233FBFAB0093B176 /* Teddy */,
				0C3002C5233FBFAB0093B176 /* Products */,
				A68CB79EBC888B1C8EBE9539 /* Pods */,
				667F8D76A3B19E5A745A3CB2 /* Frameworks */,
			);
			sourceTree = "<group>";
		};
		0C3002C5233FBFAB0093B176 /* Products */ = {
			isa = PBXGroup;
			children = (
				0C3002C4233FBFAB0093B176 /* Teddy.app */,
			);
			name = Products;
			sourceTree = "<group>";
		};
		0C3002C6233FBFAB0093B176 /* Teddy */ = {
			isa = PBXGroup;
			children = (
				0C6B2F672555AAAF001651AC /* Teddy.entitlements */,
				0CE387CE24FDAAFC0059E6F7 /* Assets */,
				0CC5F6A624C4ACD800E74006 /* Networking */,
				0CC07871249401CF00334109 /* Views */,
				0CAF01912455E343007BF4B0 /* Models */,
				0C70A3F7244397770046B8BB /* Controllers */,
				0C70A3F6244396BE0046B8BB /* Utilities */,
				0C70A3F5244396990046B8BB /* Services */,
				0C3002C7233FBFAB0093B176 /* AppDelegate.swift */,
				0C3002CB233FBFAB0093B176 /* Main.storyboard */,
				0C3002CE233FBFAD0093B176 /* Assets.xcassets */,
				0C3002D0233FBFAD0093B176 /* LaunchScreen.storyboard */,
				0C3002D3233FBFAD0093B176 /* Info.plist */,
			);
			path = Teddy;
			sourceTree = "<group>";
		};
		0C35A67E24E4A6EE004AC7D1 /* Schedule */ = {
			isa = PBXGroup;
			children = (
				0C1087B625360BC400ADC958 /* Add Dropoff */,
				0C35A69224ED9D72004AC7D1 /* Confirm Dropoff */,
				0C35A68124E4A719004AC7D1 /* Update Dropoff Time */,
			);
			path = Schedule;
			sourceTree = "<group>";
		};
		0C35A68124E4A719004AC7D1 /* Update Dropoff Time */ = {
			isa = PBXGroup;
			children = (
				0C35A68224E4AC02004AC7D1 /* APIUpdateDropoffTimeRequest-Request.swift */,
				0C35A68624E58B1B004AC7D1 /* APIUpdateDropoffTimeRequest-APIEndpoint.swift */,
			);
			path = "Update Dropoff Time";
			sourceTree = "<group>";
		};
		0C35A69224ED9D72004AC7D1 /* Confirm Dropoff */ = {
			isa = PBXGroup;
			children = (
				0C35A69324ED9DC0004AC7D1 /* APIConfirmDropoffRequest-Request.swift */,
				0CC6AEAD24F59BAC0099EF38 /* APIConfirmDropoffRequest-APIEndpoint.swift */,
			);
			path = "Confirm Dropoff";
			sourceTree = "<group>";
		};
		0C4CFE15252E306A006D81A2 /* FamilyId */ = {
			isa = PBXGroup;
			children = (
				0C4CFE1B252E3107006D81A2 /* APICheckFamilyIDRequest-APIEndpoint.swift */,
				0C4CFE1E252E3120006D81A2 /* APICheckFamilyIDRequest-Request.swift */,
			);
			path = FamilyId;
			sourceTree = "<group>";
		};
		0C4EAD1B2509BFD300621BE1 /* SignupInfo VC */ = {
			isa = PBXGroup;
			children = (
				0CAF018F2455D72F007BF4B0 /* SignupInfoVC.swift */,
				0C4EAD1C2509BFF100621BE1 /* SignupInfoVC+KeyboardNotification.swift */,
				0C4EAD1E2509C0BC00621BE1 /* SignupInfoVC+FormController.swift */,
			);
			path = "SignupInfo VC";
			sourceTree = "<group>";
		};
		0C6B2F69255700B6001651AC /* Notifications */ = {
			isa = PBXGroup;
			children = (
				0C6B2F6A2557124B001651AC /* APIRegisterPushDevice-RegisterRequest.swift */,
				0C6B2F6F255712C3001651AC /* APIRegisterPushDevice-APIEndpoint.swift */,
			);
			path = Notifications;
			sourceTree = "<group>";
		};
		0C6EF0F2248414830017FE65 /* TableViewCells */ = {
			isa = PBXGroup;
			children = (
				0C6EF0F3248414A40017FE65 /* FamilyCell.swift */,
				0C6EF0F9248421240017FE65 /* AddFamilyCell.swift */,
				0CB3387A248D38D2006628B4 /* AutoCompleteAddressCell.swift */,
				0C5D2F4824DD01A300BF39DC /* DropoffTimeCell.swift */,
				0C35A67424E09D40004AC7D1 /* DayCell.swift */,
				0CDF3085250FF7F600EB1A35 /* TrackingStatusCell.swift */,
				0C6B2F722558DC3E001651AC /* DropoffLocationNameCell.swift */,
			);
			path = TableViewCells;
			sourceTree = "<group>";
		};
		0C70A3F5244396990046B8BB /* Services */ = {
			isa = PBXGroup;
			children = (
				0C70A3EF24425B530046B8BB /* OldTrackingService.swift */,
				0C70A3F3244266CE0046B8BB /* TimerService.swift */,
				0CACD87E24369488000B1ECC /* LocationService.swift */,
				0C70A3FA2443B1250046B8BB /* NotificationService.swift */,
				0C35A68824E8627A004AC7D1 /* TrackingService.swift */,
				0C35A68A24EAF3E1004AC7D1 /* RegionManager.swift */,
				0C35A69024EB04A3004AC7D1 /* ChildTracker.swift */,
			);
			path = Services;
			sourceTree = "<group>";
		};
		0C70A3F6244396BE0046B8BB /* Utilities */ = {
			isa = PBXGroup;
			children = (
				0CE4E51C252783DB00CC6908 /* Foundation */,
				0CE4E51B2527744000CC6908 /* Helpers */,
				0CE4E51A2527743500CC6908 /* Delegates */,
			);
			path = Utilities;
			sourceTree = "<group>";
		};
		0C70A3F7244397770046B8BB /* Controllers */ = {
			isa = PBXGroup;
			children = (
				0C4EAD1B2509BFD300621BE1 /* SignupInfo VC */,
				0CAF018D2455CE88007BF4B0 /* SignupVC.swift */,
				0C30F38B23EF0B7C00BC18BC /* HomeVC.swift */,
				0CC2BB7724140111001537FF /* MapRadiusVC.swift */,
				0C70A3F824439BD60046B8BB /* TrackingStatusVC.swift */,
				0C0C4373245E2EB200BC5499 /* PushNotificationVC.swift */,
				0C0C4375245E407400BC5499 /* LocationServicesVC.swift */,
				0C6EF0F5248415470017FE65 /* MyFamilyVC.swift */,
				0C6EF0FD2485A5920017FE65 /* MemberDecisionVC.swift */,
				0CB33878248D272F006628B4 /* AddChildInfoVC.swift */,
				0C35A67224E08BE7004AC7D1 /* AddChildDropoffTimeVC.swift */,
				0C35A67624E09E1C004AC7D1 /* AddTimePopupVC.swift */,
				0CABEDE425353C8500820D4B /* AddChildAddressVC.swift */,
				0CD7F68C2540FB0200434483 /* LocationPermissionVC.swift */,
				0C99DD132549F239001FFF84 /* AddChildLocationNicknameVC.swift */,
				0C6B2F752558DEBE001651AC /* ChildDetailVC.swift */,
			);
			path = Controllers;
			sourceTree = "<group>";
		};
		0CAF01912455E343007BF4B0 /* Models */ = {
			isa = PBXGroup;
			children = (
				0C6EF0F2248414830017FE65 /* TableViewCells */,
				0CAF01922455EBD2007BF4B0 /* User.swift */,
				0C35A67A24E2083C004AC7D1 /* DropoffTime.swift */,
				0C52C32724FDC1EE00C02C04 /* SignupForm.swift */,
				0C52C32924FDF72400C02C04 /* LoginForm.swift */,
				0CABEDE12535374400820D4B /* AddChildForm.swift */,
			);
			path = Models;
			sourceTree = "<group>";
		};
		0CC07871249401CF00334109 /* Views */ = {
			isa = PBXGroup;
			children = (
				0CC07872249401F800334109 /* Navbar.xib */,
			);
			path = Views;
			sourceTree = "<group>";
		};
		0CC5F6A624C4ACD800E74006 /* Networking */ = {
			isa = PBXGroup;
			children = (
				0C6B2F69255700B6001651AC /* Notifications */,
				0C1087BE253658E100ADC958 /* Location */,
				0C35A67E24E4A6EE004AC7D1 /* Schedule */,
				0CC5F6C124C50F1900E74006 /* User */,
				0CC5F6B924C4CA7200E74006 /* Child */,
				0CC5F6A824C4ACF900E74006 /* API Client */,
				0CC5F6A724C4ACE700E74006 /* Authentication */,
			);
			path = Networking;
			sourceTree = "<group>";
		};
		0CC5F6A724C4ACE700E74006 /* Authentication */ = {
			isa = PBXGroup;
			children = (
				0C4CFE15252E306A006D81A2 /* FamilyId */,
				0CC5F6AA24C4AD1800E74006 /* Login */,
				0CC5F6A924C4AD1100E74006 /* Register */,
			);
			path = Authentication;
			sourceTree = "<group>";
		};
		0CC5F6A824C4ACF900E74006 /* API Client */ = {
			isa = PBXGroup;
			children = (
				0CC5F6B124C4B00000E74006 /* APIRequest-Base.swift */,
				0CC5F6B324C4B09A00E74006 /* APIRequest-PostExtension.swift */,
				0CC5F6B524C4B1C200E74006 /* APIRequest-UrlRequestHelper.swift */,
				0CC5F6B724C4B3F500E74006 /* APIRequest-ProcessResponse.swift */,
				0CC5F6C524C5113E00E74006 /* APIRequest-GetExtension.swift */,
			);
			path = "API Client";
			sourceTree = "<group>";
		};
		0CC5F6A924C4AD1100E74006 /* Register */ = {
			isa = PBXGroup;
			children = (
				0CC5F6AB24C4AD3700E74006 /* APIRegisterRequest-Request.swift */,
				0CC5F6AD24C4AD9000E74006 /* APIRegisterRequest-Response.swift */,
				0CC5F6AF24C4AFC000E74006 /* APIRegisterRequest-APIEndpoint.swift */,
			);
			path = Register;
			sourceTree = "<group>";
		};
		0CC5F6AA24C4AD1800E74006 /* Login */ = {
			isa = PBXGroup;
			children = (
				0C52C32B24FDFC1C00C02C04 /* APILoginRequest-APIEndpoint.swift */,
				0C52C32D24FDFC5300C02C04 /* APILoginRequest-Response.swift */,
				0C52C32F24FDFD1D00C02C04 /* APILoginRequest-Request.swift */,
			);
			path = Login;
			sourceTree = "<group>";
		};
		0CC5F6B924C4CA7200E74006 /* Child */ = {
			isa = PBXGroup;
			children = (
				0CC5F6BA24C4CA7A00E74006 /* Add Child */,
			);
			path = Child;
			sourceTree = "<group>";
		};
		0CC5F6BA24C4CA7A00E74006 /* Add Child */ = {
			isa = PBXGroup;
			children = (
				0CC5F6BB24C4CBA300E74006 /* APIAddChildRequest-Request.swift */,
				0CC5F6BD24C4CBF900E74006 /* APIAddChildRequest-Response.swift */,
				0CC5F6BF24C4CC6900E74006 /* APIAddChildRequest-APIEndpoint.swift */,
			);
			path = "Add Child";
			sourceTree = "<group>";
		};
		0CC5F6C124C50F1900E74006 /* User */ = {
			isa = PBXGroup;
			children = (
				0CC5F6C224C50F2100E74006 /* Get User */,
			);
			path = User;
			sourceTree = "<group>";
		};
		0CC5F6C224C50F2100E74006 /* Get User */ = {
			isa = PBXGroup;
			children = (
				0CC5F6C724C5151500E74006 /* APIGetFamilyRequest-APIEndpoint.swift */,
				0CABEDDA253527FA00820D4B /* APIGetFamilyRequest-FamilyResponse.swift */,
				0CC5F6C924C5B35A00E74006 /* APIGetFamilyRequest-CaretakerResponse.swift */,
				0CC5F6CB24C5B3C000E74006 /* APIGetFamilyRequest-ChildResponse.swift */,
				0CABEDDD2535287B00820D4B /* APIGetFamilyReqest-DropoffResponse.swift */,
				0C99DD16254A0E80001FFF84 /* APIGetFamilyRequest-NextDropoffResponse.swift */,
			);
			path = "Get User";
			sourceTree = "<group>";
		};
		0CD7F69225412CF400434483 /* Gifs */ = {
			isa = PBXGroup;
			children = (
				0CD7F69325412D0D00434483 /* setup.gif */,
			);
			path = Gifs;
			sourceTree = "<group>";
		};
		0CE387CE24FDAAFC0059E6F7 /* Assets */ = {
			isa = PBXGroup;
			children = (
				0CD7F69225412CF400434483 /* Gifs */,
				0CE387CF24FDAB040059E6F7 /* Fonts */,
			);
			path = Assets;
			sourceTree = "<group>";
		};
		0CE387CF24FDAB040059E6F7 /* Fonts */ = {
			isa = PBXGroup;
			children = (
				0CE387D124FDABBD0059E6F7 /* Aspira Bold.otf */,
				0CE387D524FDABBE0059E6F7 /* Aspira Demi.otf */,
				0CE387D024FDABBD0059E6F7 /* Aspira Light.otf */,
				0CE387D224FDABBD0059E6F7 /* Aspira Medium.otf */,
				0CE387D324FDABBD0059E6F7 /* Aspira Regular.otf */,
				0CE387D424FDABBD0059E6F7 /* Aspira Thin.otf */,
			);
			path = Fonts;
			sourceTree = "<group>";
		};
		0CE4E51A2527743500CC6908 /* Delegates */ = {
			isa = PBXGroup;
			children = (
				0C35A68C24EAFB8B004AC7D1 /* RegionManagerDelegate.swift */,
				0C70A3F124425EDF0046B8BB /* LocationUpdateDelegate.swift */,
				0C99DD0C2549E092001FFF84 /* RefreshDataDelegate.swift */,
			);
			path = Delegates;
			sourceTree = "<group>";
		};
		0CE4E51B2527744000CC6908 /* Helpers */ = {
			isa = PBXGroup;
			children = (
				0C6EF0FB248423230017FE65 /* RectangularDashedView.swift */,
				0C430B77240C09310072F898 /* LocationServices.swift */,
				0C7BA40A250BC51D0051C60F /* ColorHelpers.swift */,
				0C32B1C6250BB5A100EA1998 /* StringHelpers.swift */,
				0CE387DC24FDABD10059E6F7 /* UIFont+Extension.swift */,
				0C35A67C24E33A53004AC7D1 /* UIView+Extension.swift */,
				0C35A67824E207F3004AC7D1 /* Date+Time-Helpers.swift */,
				0C70A3ED24412C0A0046B8BB /* UserDefaults+CLLocation.swift */,
				0CD7F68F2541003F00434483 /* iOSDevCenters+Gif.swift */,
			);
			path = Helpers;
			sourceTree = "<group>";
		};
		0CE4E51C252783DB00CC6908 /* Foundation */ = {
			isa = PBXGroup;
			children = (
				0CDF30872510019500EB1A35 /* CurrentFlow.swift */,
				0CC0787424940E0C00334109 /* AppData.swift */,
				0C088DBF244B95E300B683B5 /* ApplicationProperties.swift */,
			);
			path = Foundation;
			sourceTree = "<group>";
		};
		667F8D76A3B19E5A745A3CB2 /* Frameworks */ = {
			isa = PBXGroup;
			children = (
				0C2C142689CD4B296C6AEDC1 /* Pods_Teddy.framework */,
			);
			name = Frameworks;
			sourceTree = "<group>";
		};
		A68CB79EBC888B1C8EBE9539 /* Pods */ = {
			isa = PBXGroup;
			children = (
				90B302B3554B72CCE2E06834 /* Pods-Teddy.debug.xcconfig */,
				5E360AA21B7ED951126AF43A /* Pods-Teddy.release.xcconfig */,
			);
			path = Pods;
			sourceTree = "<group>";
		};
/* End PBXGroup section */

/* Begin PBXNativeTarget section */
		0C3002C3233FBFAB0093B176 /* Teddy */ = {
			isa = PBXNativeTarget;
			buildConfigurationList = 0C3002D6233FBFAD0093B176 /* Build configuration list for PBXNativeTarget "Teddy" */;
			buildPhases = (
				E20D5E91706AC83BF93136A4 /* [CP] Check Pods Manifest.lock */,
				0C3002C0233FBFAB0093B176 /* Sources */,
				0C3002C1233FBFAB0093B176 /* Frameworks */,
				0C3002C2233FBFAB0093B176 /* Resources */,
				B1B8F899BFDF1342162D5B24 /* [CP] Embed Pods Frameworks */,
				AFA109D10E6D98D8EE3D3600 /* [CP] Copy Pods Resources */,
			);
			buildRules = (
			);
			dependencies = (
			);
			name = Teddy;
			productName = Triage;
			productReference = 0C3002C4233FBFAB0093B176 /* Teddy.app */;
			productType = "com.apple.product-type.application";
		};
/* End PBXNativeTarget section */

/* Begin PBXProject section */
		0C3002BC233FBFAA0093B176 /* Project object */ = {
			isa = PBXProject;
			attributes = {
				LastSwiftUpdateCheck = 1010;
				LastUpgradeCheck = 1010;
				ORGANIZATIONNAME = CMSC389Q;
				TargetAttributes = {
					0C3002C3233FBFAB0093B176 = {
						CreatedOnToolsVersion = 10.1;
						LastSwiftMigration = 1200;
					};
				};
			};
			buildConfigurationList = 0C3002BF233FBFAA0093B176 /* Build configuration list for PBXProject "Teddy" */;
			compatibilityVersion = "Xcode 9.3";
			developmentRegion = en;
			hasScannedForEncodings = 0;
			knownRegions = (
				en,
				Base,
			);
			mainGroup = 0C3002BB233FBFAA0093B176;
			productRefGroup = 0C3002C5233FBFAB0093B176 /* Products */;
			projectDirPath = "";
			projectRoot = "";
			targets = (
				0C3002C3233FBFAB0093B176 /* Teddy */,
			);
		};
/* End PBXProject section */

/* Begin PBXResourcesBuildPhase section */
		0C3002C2233FBFAB0093B176 /* Resources */ = {
			isa = PBXResourcesBuildPhase;
			buildActionMask = 2147483647;
			files = (
				0CE387D824FDABBE0059E6F7 /* Aspira Medium.otf in Resources */,
				0CE387D624FDABBE0059E6F7 /* Aspira Light.otf in Resources */,
				0CE387DA24FDABBE0059E6F7 /* Aspira Thin.otf in Resources */,
				0C3002D2233FBFAD0093B176 /* LaunchScreen.storyboard in Resources */,
				0CE387D924FDABBE0059E6F7 /* Aspira Regular.otf in Resources */,
				0CD7F69425412D0D00434483 /* setup.gif in Resources */,
				0CC07873249401F800334109 /* Navbar.xib in Resources */,
				0C3002CF233FBFAD0093B176 /* Assets.xcassets in Resources */,
				0CE387DB24FDABBE0059E6F7 /* Aspira Demi.otf in Resources */,
				0C3002CD233FBFAB0093B176 /* Main.storyboard in Resources */,
				0CE387D724FDABBE0059E6F7 /* Aspira Bold.otf in Resources */,
			);
			runOnlyForDeploymentPostprocessing = 0;
		};
/* End PBXResourcesBuildPhase section */

/* Begin PBXShellScriptBuildPhase section */
		AFA109D10E6D98D8EE3D3600 /* [CP] Copy Pods Resources */ = {
			isa = PBXShellScriptBuildPhase;
			buildActionMask = 2147483647;
			files = (
			);
			inputFileListPaths = (
				"${PODS_ROOT}/Target Support Files/Pods-Teddy/Pods-Teddy-resources-${CONFIGURATION}-input-files.xcfilelist",
			);
			name = "[CP] Copy Pods Resources";
			outputFileListPaths = (
				"${PODS_ROOT}/Target Support Files/Pods-Teddy/Pods-Teddy-resources-${CONFIGURATION}-output-files.xcfilelist",
			);
			runOnlyForDeploymentPostprocessing = 0;
			shellPath = /bin/sh;
			shellScript = "\"${PODS_ROOT}/Target Support Files/Pods-Teddy/Pods-Teddy-resources.sh\"\n";
			showEnvVarsInLog = 0;
		};
		B1B8F899BFDF1342162D5B24 /* [CP] Embed Pods Frameworks */ = {
			isa = PBXShellScriptBuildPhase;
			buildActionMask = 2147483647;
			files = (
			);
			inputFileListPaths = (
				"${PODS_ROOT}/Target Support Files/Pods-Teddy/Pods-Teddy-frameworks-${CONFIGURATION}-input-files.xcfilelist",
			);
			name = "[CP] Embed Pods Frameworks";
			outputFileListPaths = (
				"${PODS_ROOT}/Target Support Files/Pods-Teddy/Pods-Teddy-frameworks-${CONFIGURATION}-output-files.xcfilelist",
			);
			runOnlyForDeploymentPostprocessing = 0;
			shellPath = /bin/sh;
			shellScript = "\"${PODS_ROOT}/Target Support Files/Pods-Teddy/Pods-Teddy-frameworks.sh\"\n";
			showEnvVarsInLog = 0;
		};
		E20D5E91706AC83BF93136A4 /* [CP] Check Pods Manifest.lock */ = {
			isa = PBXShellScriptBuildPhase;
			buildActionMask = 2147483647;
			files = (
			);
			inputFileListPaths = (
			);
			inputPaths = (
				"${PODS_PODFILE_DIR_PATH}/Podfile.lock",
				"${PODS_ROOT}/Manifest.lock",
			);
			name = "[CP] Check Pods Manifest.lock";
			outputFileListPaths = (
			);
			outputPaths = (
				"$(DERIVED_FILE_DIR)/Pods-Teddy-checkManifestLockResult.txt",
			);
			runOnlyForDeploymentPostprocessing = 0;
			shellPath = /bin/sh;
			shellScript = "diff \"${PODS_PODFILE_DIR_PATH}/Podfile.lock\" \"${PODS_ROOT}/Manifest.lock\" > /dev/null\nif [ $? != 0 ] ; then\n    # print error to STDERR\n    echo \"error: The sandbox is not in sync with the Podfile.lock. Run 'pod install' or update your CocoaPods installation.\" >&2\n    exit 1\nfi\n# This output is used by Xcode 'outputs' to avoid re-running this script phase.\necho \"SUCCESS\" > \"${SCRIPT_OUTPUT_FILE_0}\"\n";
			showEnvVarsInLog = 0;
		};
/* End PBXShellScriptBuildPhase section */

/* Begin PBXSourcesBuildPhase section */
		0C3002C0233FBFAB0093B176 /* Sources */ = {
			isa = PBXSourcesBuildPhase;
			buildActionMask = 2147483647;
			files = (
				0CDF3086250FF7F600EB1A35 /* TrackingStatusCell.swift in Sources */,
				0CB3387B248D38D2006628B4 /* AutoCompleteAddressCell.swift in Sources */,
				0C0C4376245E407400BC5499 /* LocationServicesVC.swift in Sources */,
				0C4EAD1D2509BFF100621BE1 /* SignupInfoVC+KeyboardNotification.swift in Sources */,
				0C35A67924E207F3004AC7D1 /* Date+Time-Helpers.swift in Sources */,
				0C3002C8233FBFAB0093B176 /* AppDelegate.swift in Sources */,
				0C35A67B24E2083C004AC7D1 /* DropoffTime.swift in Sources */,
				0CC5F6B024C4AFC000E74006 /* APIRegisterRequest-APIEndpoint.swift in Sources */,
				0C99DD0D2549E092001FFF84 /* RefreshDataDelegate.swift in Sources */,
				0C6EF0F6248415470017FE65 /* MyFamilyVC.swift in Sources */,
				0CC5F6AC24C4AD3700E74006 /* APIRegisterRequest-Request.swift in Sources */,
				0C35A68D24EAFB8B004AC7D1 /* RegionManagerDelegate.swift in Sources */,
				0CC5F6BE24C4CBF900E74006 /* APIAddChildRequest-Response.swift in Sources */,
				0C35A68324E4AC02004AC7D1 /* APIUpdateDropoffTimeRequest-Request.swift in Sources */,
				0C35A69124EB04A3004AC7D1 /* ChildTracker.swift in Sources */,
				0CC0787524940E0C00334109 /* AppData.swift in Sources */,
				0C35A67D24E33A53004AC7D1 /* UIView+Extension.swift in Sources */,
				0CD7F6902541003F00434483 /* iOSDevCenters+Gif.swift in Sources */,
				0C1087B825360BEC00ADC958 /* APIAddDropoffRequest-DropoffRequest.swift in Sources */,
				0CE387DD24FDABD10059E6F7 /* UIFont+Extension.swift in Sources */,
				0C99DD17254A0E80001FFF84 /* APIGetFamilyRequest-NextDropoffResponse.swift in Sources */,
				0CC5F6B224C4B00000E74006 /* APIRequest-Base.swift in Sources */,
				0C70A3FB2443B1250046B8BB /* NotificationService.swift in Sources */,
				0C52C32A24FDF72400C02C04 /* LoginForm.swift in Sources */,
				0C35A67524E09D40004AC7D1 /* DayCell.swift in Sources */,
				0CC5F6CA24C5B35A00E74006 /* APIGetFamilyRequest-CaretakerResponse.swift in Sources */,
				0C35A69424ED9DC0004AC7D1 /* APIConfirmDropoffRequest-Request.swift in Sources */,
				0CAF01902455D72F007BF4B0 /* SignupInfoVC.swift in Sources */,
				0CC5F6B424C4B09A00E74006 /* APIRequest-PostExtension.swift in Sources */,
				0C35A68924E8627A004AC7D1 /* TrackingService.swift in Sources */,
				0C0C4374245E2EB200BC5499 /* PushNotificationVC.swift in Sources */,
				0C35A67324E08BE7004AC7D1 /* AddChildDropoffTimeVC.swift in Sources */,
				0C35A68B24EAF3E1004AC7D1 /* RegionManager.swift in Sources */,
				0C6B2F732558DC3E001651AC /* DropoffLocationNameCell.swift in Sources */,
				0CABEDE22535374400820D4B /* AddChildForm.swift in Sources */,
				0C7BA40B250BC51D0051C60F /* ColorHelpers.swift in Sources */,
				0C4EAD1F2509C0BC00621BE1 /* SignupInfoVC+FormController.swift in Sources */,
				0CC5F6C024C4CC6900E74006 /* APIAddChildRequest-APIEndpoint.swift in Sources */,
				0CDF30882510019500EB1A35 /* CurrentFlow.swift in Sources */,
				0C52C32E24FDFC5300C02C04 /* APILoginRequest-Response.swift in Sources */,
				0C5D2F4924DD01A300BF39DC /* DropoffTimeCell.swift in Sources */,
				0C52C32824FDC1EE00C02C04 /* SignupForm.swift in Sources */,
				0CC2BB7824140111001537FF /* MapRadiusVC.swift in Sources */,
				0C1087BC25360C7400ADC958 /* APIAddDropoffRequest-APIEndpoint.swift in Sources */,
				0C088DC0244B95E300B683B5 /* ApplicationProperties.swift in Sources */,
				0C52C33024FDFD1D00C02C04 /* APILoginRequest-Request.swift in Sources */,
				0CACD87F24369488000B1ECC /* LocationService.swift in Sources */,
				0C70A3F224425EDF0046B8BB /* LocationUpdateDelegate.swift in Sources */,
				0C35A68724E58B1B004AC7D1 /* APIUpdateDropoffTimeRequest-APIEndpoint.swift in Sources */,
				0C6EF0FE2485A5920017FE65 /* MemberDecisionVC.swift in Sources */,
				0CC5F6C824C5151500E74006 /* APIGetFamilyRequest-APIEndpoint.swift in Sources */,
				0CAF018E2455CE88007BF4B0 /* SignupVC.swift in Sources */,
				0CC5F6B824C4B3F500E74006 /* APIRequest-ProcessResponse.swift in Sources */,
				0C6B2F70255712C3001651AC /* APIRegisterPushDevice-APIEndpoint.swift in Sources */,
				0CAF01932455EBD2007BF4B0 /* User.swift in Sources */,
				0C6B2F6B2557124B001651AC /* APIRegisterPushDevice-RegisterRequest.swift in Sources */,
				0C52C32C24FDFC1C00C02C04 /* APILoginRequest-APIEndpoint.swift in Sources */,
				0CB33879248D272F006628B4 /* AddChildInfoVC.swift in Sources */,
				0CC5F6B624C4B1C200E74006 /* APIRequest-UrlRequestHelper.swift in Sources */,
				0C30F38C23EF0B7C00BC18BC /* HomeVC.swift in Sources */,
				0C4CFE1F252E3120006D81A2 /* APICheckFamilyIDRequest-Request.swift in Sources */,
				0C99DD142549F239001FFF84 /* AddChildLocationNicknameVC.swift in Sources */,
				0CC5F6CC24C5B3C000E74006 /* APIGetFamilyRequest-ChildResponse.swift in Sources */,
				0C70A3F924439BD60046B8BB /* TrackingStatusVC.swift in Sources */,
				0CC5F6C624C5113E00E74006 /* APIRequest-GetExtension.swift in Sources */,
				0C70A3F024425B530046B8BB /* OldTrackingService.swift in Sources */,
				0CABEDE525353C8500820D4B /* AddChildAddressVC.swift in Sources */,
				0C70A3EE24412C0A0046B8BB /* UserDefaults+CLLocation.swift in Sources */,
				0CABEDDB253527FA00820D4B /* APIGetFamilyRequest-FamilyResponse.swift in Sources */,
				0CC5F6AE24C4AD9000E74006 /* APIRegisterRequest-Response.swift in Sources */,
				0C35A67724E09E1C004AC7D1 /* AddTimePopupVC.swift in Sources */,
				0C1087C42536594000ADC958 /* APIUpdateLocationRequest-APIEndpoint.swift in Sources */,
				0C32B1C7250BB5A100EA1998 /* StringHelpers.swift in Sources */,
				0C430B78240C09310072F898 /* LocationServices.swift in Sources */,
				0C1087C0253658F900ADC958 /* APIUpdateLocationRequest-UpdateRequest.swift in Sources */,
				0C6EF0FA248421240017FE65 /* AddFamilyCell.swift in Sources */,
				0CD7F68D2540FB0200434483 /* LocationPermissionVC.swift in Sources */,
				0C6B2F762558DEBE001651AC /* ChildDetailVC.swift in Sources */,
				0C70A3F4244266CF0046B8BB /* TimerService.swift in Sources */,
				0C6EF0F4248414A40017FE65 /* FamilyCell.swift in Sources */,
				0C4CFE1C252E3107006D81A2 /* APICheckFamilyIDRequest-APIEndpoint.swift in Sources */,
				0CC5F6BC24C4CBA300E74006 /* APIAddChildRequest-Request.swift in Sources */,
				0CABEDDE2535287B00820D4B /* APIGetFamilyReqest-DropoffResponse.swift in Sources */,
				0CC6AEAE24F59BAC0099EF38 /* APIConfirmDropoffRequest-APIEndpoint.swift in Sources */,
				0C6EF0FC248423230017FE65 /* RectangularDashedView.swift in Sources */,
			);
			runOnlyForDeploymentPostprocessing = 0;
		};
/* End PBXSourcesBuildPhase section */

/* Begin PBXVariantGroup section */
		0C3002CB233FBFAB0093B176 /* Main.storyboard */ = {
			isa = PBXVariantGroup;
			children = (
				0C3002CC233FBFAB0093B176 /* Base */,
			);
			name = Main.storyboard;
			sourceTree = "<group>";
		};
		0C3002D0233FBFAD0093B176 /* LaunchScreen.storyboard */ = {
			isa = PBXVariantGroup;
			children = (
				0C3002D1233FBFAD0093B176 /* Base */,
			);
			name = LaunchScreen.storyboard;
			sourceTree = "<group>";
		};
/* End PBXVariantGroup section */

/* Begin XCBuildConfiguration section */
		0C3002D4233FBFAD0093B176 /* Debug */ = {
			isa = XCBuildConfiguration;
			buildSettings = {
				ALWAYS_SEARCH_USER_PATHS = NO;
				CLANG_ANALYZER_NONNULL = YES;
				CLANG_ANALYZER_NUMBER_OBJECT_CONVERSION = YES_AGGRESSIVE;
				CLANG_CXX_LANGUAGE_STANDARD = "gnu++14";
				CLANG_CXX_LIBRARY = "libc++";
				CLANG_ENABLE_MODULES = YES;
				CLANG_ENABLE_OBJC_ARC = YES;
				CLANG_ENABLE_OBJC_WEAK = YES;
				CLANG_WARN_BLOCK_CAPTURE_AUTORELEASING = YES;
				CLANG_WARN_BOOL_CONVERSION = YES;
				CLANG_WARN_COMMA = YES;
				CLANG_WARN_CONSTANT_CONVERSION = YES;
				CLANG_WARN_DEPRECATED_OBJC_IMPLEMENTATIONS = YES;
				CLANG_WARN_DIRECT_OBJC_ISA_USAGE = YES_ERROR;
				CLANG_WARN_DOCUMENTATION_COMMENTS = YES;
				CLANG_WARN_EMPTY_BODY = YES;
				CLANG_WARN_ENUM_CONVERSION = YES;
				CLANG_WARN_INFINITE_RECURSION = YES;
				CLANG_WARN_INT_CONVERSION = YES;
				CLANG_WARN_NON_LITERAL_NULL_CONVERSION = YES;
				CLANG_WARN_OBJC_IMPLICIT_RETAIN_SELF = YES;
				CLANG_WARN_OBJC_LITERAL_CONVERSION = YES;
				CLANG_WARN_OBJC_ROOT_CLASS = YES_ERROR;
				CLANG_WARN_RANGE_LOOP_ANALYSIS = YES;
				CLANG_WARN_STRICT_PROTOTYPES = YES;
				CLANG_WARN_SUSPICIOUS_MOVE = YES;
				CLANG_WARN_UNGUARDED_AVAILABILITY = YES_AGGRESSIVE;
				CLANG_WARN_UNREACHABLE_CODE = YES;
				CLANG_WARN__DUPLICATE_METHOD_MATCH = YES;
				CODE_SIGN_IDENTITY = "iPhone Developer";
				COPY_PHASE_STRIP = NO;
				DEBUG_INFORMATION_FORMAT = dwarf;
				ENABLE_STRICT_OBJC_MSGSEND = YES;
				ENABLE_TESTABILITY = YES;
				GCC_C_LANGUAGE_STANDARD = gnu11;
				GCC_DYNAMIC_NO_PIC = NO;
				GCC_NO_COMMON_BLOCKS = YES;
				GCC_OPTIMIZATION_LEVEL = 0;
				GCC_PREPROCESSOR_DEFINITIONS = (
					"DEBUG=1",
					"$(inherited)",
				);
				GCC_WARN_64_TO_32_BIT_CONVERSION = YES;
				GCC_WARN_ABOUT_RETURN_TYPE = YES_ERROR;
				GCC_WARN_UNDECLARED_SELECTOR = YES;
				GCC_WARN_UNINITIALIZED_AUTOS = YES_AGGRESSIVE;
				GCC_WARN_UNUSED_FUNCTION = YES;
				GCC_WARN_UNUSED_VARIABLE = YES;
				INFOPLIST_FILE = Teddy/info.plist;
				IPHONEOS_DEPLOYMENT_TARGET = 12.1;
				MTL_ENABLE_DEBUG_INFO = INCLUDE_SOURCE;
				MTL_FAST_MATH = YES;
				ONLY_ACTIVE_ARCH = YES;
				SDKROOT = iphoneos;
				SWIFT_ACTIVE_COMPILATION_CONDITIONS = DEBUG;
				SWIFT_OPTIMIZATION_LEVEL = "-Onone";
			};
			name = Debug;
		};
		0C3002D5233FBFAD0093B176 /* Release */ = {
			isa = XCBuildConfiguration;
			buildSettings = {
				ALWAYS_SEARCH_USER_PATHS = NO;
				CLANG_ANALYZER_NONNULL = YES;
				CLANG_ANALYZER_NUMBER_OBJECT_CONVERSION = YES_AGGRESSIVE;
				CLANG_CXX_LANGUAGE_STANDARD = "gnu++14";
				CLANG_CXX_LIBRARY = "libc++";
				CLANG_ENABLE_MODULES = YES;
				CLANG_ENABLE_OBJC_ARC = YES;
				CLANG_ENABLE_OBJC_WEAK = YES;
				CLANG_WARN_BLOCK_CAPTURE_AUTORELEASING = YES;
				CLANG_WARN_BOOL_CONVERSION = YES;
				CLANG_WARN_COMMA = YES;
				CLANG_WARN_CONSTANT_CONVERSION = YES;
				CLANG_WARN_DEPRECATED_OBJC_IMPLEMENTATIONS = YES;
				CLANG_WARN_DIRECT_OBJC_ISA_USAGE = YES_ERROR;
				CLANG_WARN_DOCUMENTATION_COMMENTS = YES;
				CLANG_WARN_EMPTY_BODY = YES;
				CLANG_WARN_ENUM_CONVERSION = YES;
				CLANG_WARN_INFINITE_RECURSION = YES;
				CLANG_WARN_INT_CONVERSION = YES;
				CLANG_WARN_NON_LITERAL_NULL_CONVERSION = YES;
				CLANG_WARN_OBJC_IMPLICIT_RETAIN_SELF = YES;
				CLANG_WARN_OBJC_LITERAL_CONVERSION = YES;
				CLANG_WARN_OBJC_ROOT_CLASS = YES_ERROR;
				CLANG_WARN_RANGE_LOOP_ANALYSIS = YES;
				CLANG_WARN_STRICT_PROTOTYPES = YES;
				CLANG_WARN_SUSPICIOUS_MOVE = YES;
				CLANG_WARN_UNGUARDED_AVAILABILITY = YES_AGGRESSIVE;
				CLANG_WARN_UNREACHABLE_CODE = YES;
				CLANG_WARN__DUPLICATE_METHOD_MATCH = YES;
				CODE_SIGN_IDENTITY = "iPhone Developer";
				COPY_PHASE_STRIP = NO;
				DEBUG_INFORMATION_FORMAT = "dwarf-with-dsym";
				ENABLE_NS_ASSERTIONS = NO;
				ENABLE_STRICT_OBJC_MSGSEND = YES;
				GCC_C_LANGUAGE_STANDARD = gnu11;
				GCC_NO_COMMON_BLOCKS = YES;
				GCC_WARN_64_TO_32_BIT_CONVERSION = YES;
				GCC_WARN_ABOUT_RETURN_TYPE = YES_ERROR;
				GCC_WARN_UNDECLARED_SELECTOR = YES;
				GCC_WARN_UNINITIALIZED_AUTOS = YES_AGGRESSIVE;
				GCC_WARN_UNUSED_FUNCTION = YES;
				GCC_WARN_UNUSED_VARIABLE = YES;
				INFOPLIST_FILE = Teddy/info.plist;
				IPHONEOS_DEPLOYMENT_TARGET = 12.1;
				MTL_ENABLE_DEBUG_INFO = NO;
				MTL_FAST_MATH = YES;
				SDKROOT = iphoneos;
				SWIFT_COMPILATION_MODE = wholemodule;
				SWIFT_OPTIMIZATION_LEVEL = "-O";
				VALIDATE_PRODUCT = YES;
			};
			name = Release;
		};
		0C3002D7233FBFAD0093B176 /* Debug */ = {
			isa = XCBuildConfiguration;
			baseConfigurationReference = 90B302B3554B72CCE2E06834 /* Pods-Teddy.debug.xcconfig */;
			buildSettings = {
				ASSETCATALOG_COMPILER_APPICON_NAME = AppIcon;
				CLANG_ENABLE_MODULES = YES;
				CODE_SIGN_ENTITLEMENTS = Teddy/Teddy.entitlements;
				CODE_SIGN_IDENTITY = "Apple Development";
				CODE_SIGN_STYLE = Automatic;
				DEVELOPMENT_TEAM = YGAC5TVUFN;
				INFOPLIST_FILE = "$(SRCROOT)/Teddy/Info.plist";
				LD_RUNPATH_SEARCH_PATHS = (
					"$(inherited)",
					"@executable_path/Frameworks",
				);
				PRODUCT_BUNDLE_IDENTIFIER = com.myteddyapp.Teddy;
				PRODUCT_NAME = "$(TARGET_NAME)";
				PROVISIONING_PROFILE_SPECIFIER = "";
				SWIFT_OPTIMIZATION_LEVEL = "-Onone";
				SWIFT_VERSION = 4.2;
				TARGETED_DEVICE_FAMILY = "1,2";
			};
			name = Debug;
		};
		0C3002D8233FBFAD0093B176 /* Release */ = {
			isa = XCBuildConfiguration;
			baseConfigurationReference = 5E360AA21B7ED951126AF43A /* Pods-Teddy.release.xcconfig */;
			buildSettings = {
				ASSETCATALOG_COMPILER_APPICON_NAME = AppIcon;
				CLANG_ENABLE_MODULES = YES;
				CODE_SIGN_ENTITLEMENTS = Teddy/Teddy.entitlements;
				CODE_SIGN_IDENTITY = "Apple Development";
				CODE_SIGN_STYLE = Automatic;
				DEVELOPMENT_TEAM = YGAC5TVUFN;
				INFOPLIST_FILE = "$(SRCROOT)/Teddy/Info.plist";
				LD_RUNPATH_SEARCH_PATHS = (
					"$(inherited)",
					"@executable_path/Frameworks",
				);
				PRODUCT_BUNDLE_IDENTIFIER = com.myteddyapp.Teddy;
				PRODUCT_NAME = "$(TARGET_NAME)";
				PROVISIONING_PROFILE_SPECIFIER = "";
				SWIFT_VERSION = 4.2;
				TARGETED_DEVICE_FAMILY = "1,2";
			};
			name = Release;
		};
/* End XCBuildConfiguration section */

/* Begin XCConfigurationList section */
		0C3002BF233FBFAA0093B176 /* Build configuration list for PBXProject "Teddy" */ = {
			isa = XCConfigurationList;
			buildConfigurations = (
				0C3002D4233FBFAD0093B176 /* Debug */,
				0C3002D5233FBFAD0093B176 /* Release */,
			);
			defaultConfigurationIsVisible = 0;
			defaultConfigurationName = Release;
		};
		0C3002D6233FBFAD0093B176 /* Build configuration list for PBXNativeTarget "Teddy" */ = {
			isa = XCConfigurationList;
			buildConfigurations = (
				0C3002D7233FBFAD0093B176 /* Debug */,
				0C3002D8233FBFAD0093B176 /* Release */,
			);
			defaultConfigurationIsVisible = 0;
			defaultConfigurationName = Release;
		};
/* End XCConfigurationList section */
	};
	rootObject = 0C3002BC233FBFAA0093B176 /* Project object */;
}
